
Microsoft Visual Studio Solution File, Format Version 12.00
# Visual Studio Version 16
VisualStudioVersion = 16.0.29519.181
MinimumVisualStudioVersion = 10.0.40219.1
Project("{FAE04EC0-301F-11D3-BF4B-00C04F79EFBC}") = "NerdyAion", "NerdyAion\NerdyAion.csproj", "{A7DA8196-45F9-4D64-AB0D-9160D50A585D}"
	ProjectSection(ProjectDependencies) = postProject
		{03B24B01-0982-4EA5-BC83-16C1903CED7A} = {03B24B01-0982-4EA5-BC83-16C1903CED7A}
		{CDD2CD39-14C3-4D0E-A6B8-01D59CDB5964} = {CDD2CD39-14C3-4D0E-A6B8-01D59CDB5964}
		{EED27D43-5424-41FC-AD92-7C0732081818} = {EED27D43-5424-41FC-AD92-7C0732081818}
		{2FCEA37E-5FC6-4505-AD98-BF66F13435B8} = {2FCEA37E-5FC6-4505-AD98-BF66F13435B8}
		{C924C8BE-A53A-4FDA-BDFF-9E77DB374F9C} = {C924C8BE-A53A-4FDA-BDFF-9E77DB374F9C}
		{5C1BC3C5-78F0-4B6E-8D63-CA1849459F6E} = {5C1BC3C5-78F0-4B6E-8D63-CA1849459F6E}
		{DC9112E8-051E-49A4-90ED-744321BF30A3} = {DC9112E8-051E-49A4-90ED-744321BF30A3}
		{A27826E8-E4AA-4A38-8C56-B721FA8B1E0C} = {A27826E8-E4AA-4A38-8C56-B721FA8B1E0C}
	EndProjectSection
EndProject
Project("{2150E333-8FDC-42A3-9474-1A3956D46DE8}") = "libs", "libs", "{553B7A03-7DE3-4B03-9166-2E32FB7AA6C5}"
EndProject
Project("{2150E333-8FDC-42A3-9474-1A3956D46DE8}") = "commands", "commands", "{8F07E105-BE42-4F93-9AA2-0DDDBAF07CAB}"
EndProject
Project("{FAE04EC0-301F-11D3-BF4B-00C04F79EFBC}") = "NerdyConsole", "NerdyConsole\NerdyConsole.csproj", "{03B24B01-0982-4EA5-BC83-16C1903CED7A}"
EndProject
Project("{FAE04EC0-301F-11D3-BF4B-00C04F79EFBC}") = "NerdyLogReader", "NerdyLogReader\NerdyLogReader.csproj", "{C924C8BE-A53A-4FDA-BDFF-9E77DB374F9C}"
EndProject
Project("{FAE04EC0-301F-11D3-BF4B-00C04F79EFBC}") = "NerdyAionSystemCFGEditor", "NerdyAionSystemCFGEditor\NerdyAionSystemCFGEditor.csproj", "{EED27D43-5424-41FC-AD92-7C0732081818}"
EndProject
Project("{FAE04EC0-301F-11D3-BF4B-00C04F79EFBC}") = "NerdyINI", "NerdyINI\NerdyINI.csproj", "{A27826E8-E4AA-4A38-8C56-B721FA8B1E0C}"
EndProject
Project("{FAE04EC0-301F-11D3-BF4B-00C04F79EFBC}") = "Damage", "Damage\Damage.csproj", "{2FCEA37E-5FC6-4505-AD98-BF66F13435B8}"
EndProject
Project("{FAE04EC0-301F-11D3-BF4B-00C04F79EFBC}") = "AionCFG", "AionCFG\AionCFG.csproj", "{5C1BC3C5-78F0-4B6E-8D63-CA1849459F6E}"
EndProject
Project("{FAE04EC0-301F-11D3-BF4B-00C04F79EFBC}") = "NerdyConsoleOutput", "NerdyConsoleOutput\NerdyConsoleOutput.csproj", "{CDD2CD39-14C3-4D0E-A6B8-01D59CDB5964}"
EndProject
Project("{FAE04EC0-301F-11D3-BF4B-00C04F79EFBC}") = "NerdyDamageAnalyzer", "NerdyDamageAnalyzer\NerdyDamageAnalyzer.csproj", "{DC9112E8-051E-49A4-90ED-744321BF30A3}"
EndProject
Global
	GlobalSection(SolutionConfigurationPlatforms) = preSolution
		Debug|Any CPU = Debug|Any CPU
		Release|Any CPU = Release|Any CPU
	EndGlobalSection
	GlobalSection(ProjectConfigurationPlatforms) = postSolution
		{A7DA8196-45F9-4D64-AB0D-9160D50A585D}.Debug|Any CPU.ActiveCfg = Debug|Any CPU
		{A7DA8196-45F9-4D64-AB0D-9160D50A585D}.Debug|Any CPU.Build.0 = Debug|Any CPU
		{A7DA8196-45F9-4D64-AB0D-9160D50A585D}.Release|Any CPU.ActiveCfg = Release|Any CPU
		{A7DA8196-45F9-4D64-AB0D-9160D50A585D}.Release|Any CPU.Build.0 = Release|Any CPU
		{03B24B01-0982-4EA5-BC83-16C1903CED7A}.Debug|Any CPU.ActiveCfg = Debug|Any CPU
		{03B24B01-0982-4EA5-BC83-16C1903CED7A}.Debug|Any CPU.Build.0 = Debug|Any CPU
		{03B24B01-0982-4EA5-BC83-16C1903CED7A}.Release|Any CPU.ActiveCfg = Release|Any CPU
		{03B24B01-0982-4EA5-BC83-16C1903CED7A}.Release|Any CPU.Build.0 = Release|Any CPU
		{C924C8BE-A53A-4FDA-BDFF-9E77DB374F9C}.Debug|Any CPU.ActiveCfg = Debug|Any CPU
		{C924C8BE-A53A-4FDA-BDFF-9E77DB374F9C}.Debug|Any CPU.Build.0 = Debug|Any CPU
		{C924C8BE-A53A-4FDA-BDFF-9E77DB374F9C}.Release|Any CPU.ActiveCfg = Release|Any CPU
		{C924C8BE-A53A-4FDA-BDFF-9E77DB374F9C}.Release|Any CPU.Build.0 = Release|Any CPU
		{EED27D43-5424-41FC-AD92-7C0732081818}.Debug|Any CPU.ActiveCfg = Debug|Any CPU
		{EED27D43-5424-41FC-AD92-7C0732081818}.Debug|Any CPU.Build.0 = Debug|Any CPU
		{EED27D43-5424-41FC-AD92-7C0732081818}.Release|Any CPU.ActiveCfg = Release|Any CPU
		{EED27D43-5424-41FC-AD92-7C0732081818}.Release|Any CPU.Build.0 = Release|Any CPU
		{A27826E8-E4AA-4A38-8C56-B721FA8B1E0C}.Debug|Any CPU.ActiveCfg = Debug|Any CPU
		{A27826E8-E4AA-4A38-8C56-B721FA8B1E0C}.Debug|Any CPU.Build.0 = Debug|Any CPU
		{A27826E8-E4AA-4A38-8C56-B721FA8B1E0C}.Release|Any CPU.ActiveCfg = Release|Any CPU
		{A27826E8-E4AA-4A38-8C56-B721FA8B1E0C}.Release|Any CPU.Build.0 = Release|Any CPU
		{2FCEA37E-5FC6-4505-AD98-BF66F13435B8}.Debug|Any CPU.ActiveCfg = Debug|Any CPU
		{2FCEA37E-5FC6-4505-AD98-BF66F13435B8}.Debug|Any CPU.Build.0 = Debug|Any CPU
		{2FCEA37E-5FC6-4505-AD98-BF66F13435B8}.Release|Any CPU.ActiveCfg = Release|Any CPU
		{2FCEA37E-5FC6-4505-AD98-BF66F13435B8}.Release|Any CPU.Build.0 = Release|Any CPU
		{5C1BC3C5-78F0-4B6E-8D63-CA1849459F6E}.Debug|Any CPU.ActiveCfg = Debug|Any CPU
		{5C1BC3C5-78F0-4B6E-8D63-CA1849459F6E}.Debug|Any CPU.Build.0 = Debug|Any CPU
		{5C1BC3C5-78F0-4B6E-8D63-CA1849459F6E}.Release|Any CPU.ActiveCfg = Release|Any CPU
		{5C1BC3C5-78F0-4B6E-8D63-CA1849459F6E}.Release|Any CPU.Build.0 = Release|Any CPU
		{CDD2CD39-14C3-4D0E-A6B8-01D59CDB5964}.Debug|Any CPU.ActiveCfg = Debug|Any CPU
		{CDD2CD39-14C3-4D0E-A6B8-01D59CDB5964}.Debug|Any CPU.Build.0 = Debug|Any CPU
		{CDD2CD39-14C3-4D0E-A6B8-01D59CDB5964}.Release|Any CPU.ActiveCfg = Release|Any CPU
		{CDD2CD39-14C3-4D0E-A6B8-01D59CDB5964}.Release|Any CPU.Build.0 = Release|Any CPU
		{DC9112E8-051E-49A4-90ED-744321BF30A3}.Debug|Any CPU.ActiveCfg = Debug|Any CPU
		{DC9112E8-051E-49A4-90ED-744321BF30A3}.Debug|Any CPU.Build.0 = Debug|Any CPU
		{DC9112E8-051E-49A4-90ED-744321BF30A3}.Release|Any CPU.ActiveCfg = Release|Any CPU
		{DC9112E8-051E-49A4-90ED-744321BF30A3}.Release|Any CPU.Build.0 = Release|Any CPU
	EndGlobalSection
	GlobalSection(SolutionProperties) = preSolution
		HideSolutionNode = FALSE
	EndGlobalSection
	GlobalSection(NestedProjects) = preSolution
		{C924C8BE-A53A-4FDA-BDFF-9E77DB374F9C} = {553B7A03-7DE3-4B03-9166-2E32FB7AA6C5}
		{EED27D43-5424-41FC-AD92-7C0732081818} = {553B7A03-7DE3-4B03-9166-2E32FB7AA6C5}
		{A27826E8-E4AA-4A38-8C56-B721FA8B1E0C} = {553B7A03-7DE3-4B03-9166-2E32FB7AA6C5}
		{2FCEA37E-5FC6-4505-AD98-BF66F13435B8} = {8F07E105-BE42-4F93-9AA2-0DDDBAF07CAB}
		{5C1BC3C5-78F0-4B6E-8D63-CA1849459F6E} = {8F07E105-BE42-4F93-9AA2-0DDDBAF07CAB}
		{CDD2CD39-14C3-4D0E-A6B8-01D59CDB5964} = {553B7A03-7DE3-4B03-9166-2E32FB7AA6C5}
		{DC9112E8-051E-49A4-90ED-744321BF30A3} = {553B7A03-7DE3-4B03-9166-2E32FB7AA6C5}
	EndGlobalSection
	GlobalSection(ExtensibilityGlobals) = postSolution
		SolutionGuid = {AEC900DC-7490-4843-B11F-FA8BF25DD8DC}
	EndGlobalSection
EndGlobal
